
Microsoft Visual Studio Solution File, Format Version 12.00
# Visual Studio 15
VisualStudioVersion = 15.0.28010.2048
MinimumVisualStudioVersion = 10.0.40219.1
Project("{9A19103F-16F7-4668-BE54-9A1E7A4F7556}") = "EHospital.Appointments.WebApi", "EHospital.Appointments.WebApi\EHospital.Appointments.WebApi.csproj", "{389957E9-8B7C-472A-BAE8-5FE37588C1B3}"
EndProject
Project("{9A19103F-16F7-4668-BE54-9A1E7A4F7556}") = "EHospital.Appointments.Data", "EHospital.Appointments.Data\EHospital.Appointments.Data.csproj", "{5E8B7115-C57A-4853-A288-2AF8D3D4C6DC}"
EndProject
Project("{9A19103F-16F7-4668-BE54-9A1E7A4F7556}") = "EHospital.Appointments.BusinessLogic", "EHospital.Appointments.BussinesLogic\EHospital.Appointments.BusinessLogic.csproj", "{9C2FCDBB-F105-4183-AEAB-2FEDB9311AF6}"
EndProject
Project("{9A19103F-16F7-4668-BE54-9A1E7A4F7556}") = "EHospital.Appointments.Model", "EHospital.Appointments.Model\EHospital.Appointments.Model.csproj", "{09450978-E82C-4FEF-9F02-1BFF6DA212F1}"
EndProject
Project("{9A19103F-16F7-4668-BE54-9A1E7A4F7556}") = "EHospital.Appointments.Test", "EHospital.Appointments.Test\EHospital.Appointments.Test.csproj", "{F9F2A411-F8C1-4D5F-9572-DEA0687BBEC4}"
EndProject
Global
	GlobalSection(SolutionConfigurationPlatforms) = preSolution
		Debug|Any CPU = Debug|Any CPU
		Release|Any CPU = Release|Any CPU
	EndGlobalSection
	GlobalSection(ProjectConfigurationPlatforms) = postSolution
		{389957E9-8B7C-472A-BAE8-5FE37588C1B3}.Debug|Any CPU.ActiveCfg = Debug|Any CPU
		{389957E9-8B7C-472A-BAE8-5FE37588C1B3}.Debug|Any CPU.Build.0 = Debug|Any CPU
		{389957E9-8B7C-472A-BAE8-5FE37588C1B3}.Release|Any CPU.ActiveCfg = Release|Any CPU
		{389957E9-8B7C-472A-BAE8-5FE37588C1B3}.Release|Any CPU.Build.0 = Release|Any CPU
		{5E8B7115-C57A-4853-A288-2AF8D3D4C6DC}.Debug|Any CPU.ActiveCfg = Debug|Any CPU
		{5E8B7115-C57A-4853-A288-2AF8D3D4C6DC}.Debug|Any CPU.Build.0 = Debug|Any CPU
		{5E8B7115-C57A-4853-A288-2AF8D3D4C6DC}.Release|Any CPU.ActiveCfg = Release|Any CPU
		{5E8B7115-C57A-4853-A288-2AF8D3D4C6DC}.Release|Any CPU.Build.0 = Release|Any CPU
		{9C2FCDBB-F105-4183-AEAB-2FEDB9311AF6}.Debug|Any CPU.ActiveCfg = Debug|Any CPU
		{9C2FCDBB-F105-4183-AEAB-2FEDB9311AF6}.Debug|Any CPU.Build.0 = Debug|Any CPU
		{9C2FCDBB-F105-4183-AEAB-2FEDB9311AF6}.Release|Any CPU.ActiveCfg = Release|Any CPU
		{9C2FCDBB-F105-4183-AEAB-2FEDB9311AF6}.Release|Any CPU.Build.0 = Release|Any CPU
		{09450978-E82C-4FEF-9F02-1BFF6DA212F1}.Debug|Any CPU.ActiveCfg = Debug|Any CPU
		{09450978-E82C-4FEF-9F02-1BFF6DA212F1}.Debug|Any CPU.Build.0 = Debug|Any CPU
		{09450978-E82C-4FEF-9F02-1BFF6DA212F1}.Release|Any CPU.ActiveCfg = Release|Any CPU
		{09450978-E82C-4FEF-9F02-1BFF6DA212F1}.Release|Any CPU.Build.0 = Release|Any CPU
		{F9F2A411-F8C1-4D5F-9572-DEA0687BBEC4}.Debug|Any CPU.ActiveCfg = Debug|Any CPU
		{F9F2A411-F8C1-4D5F-9572-DEA0687BBEC4}.Debug|Any CPU.Build.0 = Debug|Any CPU
		{F9F2A411-F8C1-4D5F-9572-DEA0687BBEC4}.Release|Any CPU.ActiveCfg = Release|Any CPU
		{F9F2A411-F8C1-4D5F-9572-DEA0687BBEC4}.Release|Any CPU.Build.0 = Release|Any CPU
	EndGlobalSection
	GlobalSection(SolutionProperties) = preSolution
		HideSolutionNode = FALSE
	EndGlobalSection
	GlobalSection(ExtensibilityGlobals) = postSolution
		SolutionGuid = {A79813D0-88B1-42D7-A430-D5E73F265A0E}
	EndGlobalSection
EndGlobal
